
Microsoft Visual Studio Solution File, Format Version 12.00
# Visual Studio 15
VisualStudioVersion = 15.0.27428.2043
MinimumVisualStudioVersion = 10.0.40219.1
Project("{FAE04EC0-301F-11D3-BF4B-00C04F79EFBC}") = "BatchExecutionQueueSvcLib", "BatchExecutionQueueSvc\BatchExecutionQueueSvcLib.csproj", "{788EE266-2550-464A-9CAA-A7A87D87C4E3}"
EndProject
Project("{FAE04EC0-301F-11D3-BF4B-00C04F79EFBC}") = "CommonLib", "CommonLib\CommonLib.csproj", "{91FECBFC-CCF0-4146-BFC0-650D6C1F7078}"
EndProject
Project("{FAE04EC0-301F-11D3-BF4B-00C04F79EFBC}") = "ProcessControlClient", "ProcessControlClient\ProcessControlClient.csproj", "{827932E1-75F1-4637-9F51-AEC1355919B5}"
EndProject
Global
	GlobalSection(SolutionConfigurationPlatforms) = preSolution
		Debug|Any CPU = Debug|Any CPU
		Release|Any CPU = Release|Any CPU
	EndGlobalSection
	GlobalSection(ProjectConfigurationPlatforms) = postSolution
		{788EE266-2550-464A-9CAA-A7A87D87C4E3}.Debug|Any CPU.ActiveCfg = Debug|Any CPU
		{788EE266-2550-464A-9CAA-A7A87D87C4E3}.Debug|Any CPU.Build.0 = Debug|Any CPU
		{788EE266-2550-464A-9CAA-A7A87D87C4E3}.Release|Any CPU.ActiveCfg = Release|Any CPU
		{788EE266-2550-464A-9CAA-A7A87D87C4E3}.Release|Any CPU.Build.0 = Release|Any CPU
		{91FECBFC-CCF0-4146-BFC0-650D6C1F7078}.Debug|Any CPU.ActiveCfg = Debug|Any CPU
		{91FECBFC-CCF0-4146-BFC0-650D6C1F7078}.Debug|Any CPU.Build.0 = Debug|Any CPU
		{91FECBFC-CCF0-4146-BFC0-650D6C1F7078}.Release|Any CPU.ActiveCfg = Release|Any CPU
		{91FECBFC-CCF0-4146-BFC0-650D6C1F7078}.Release|Any CPU.Build.0 = Release|Any CPU
		{827932E1-75F1-4637-9F51-AEC1355919B5}.Debug|Any CPU.ActiveCfg = Debug|Any CPU
		{827932E1-75F1-4637-9F51-AEC1355919B5}.Debug|Any CPU.Build.0 = Debug|Any CPU
		{827932E1-75F1-4637-9F51-AEC1355919B5}.Release|Any CPU.ActiveCfg = Release|Any CPU
		{827932E1-75F1-4637-9F51-AEC1355919B5}.Release|Any CPU.Build.0 = Release|Any CPU
	EndGlobalSection
	GlobalSection(SolutionProperties) = preSolution
		HideSolutionNode = FALSE
	EndGlobalSection
	GlobalSection(ExtensibilityGlobals) = postSolution
		SolutionGuid = {64F28370-9632-41BB-8F64-FFA2AC2B0368}
	EndGlobalSection
EndGlobal
